// !$*UTF8*$!
{
	archiveVersion = 1;
	classes = {
	};
	objectVersion = 46;
	objects = {

/* Begin PBXBuildFile section */
		010355211B9DD90100D2B01D /* Call.cpp in Sources */ = {isa = PBXBuildFile; fileRef = 0111B98C1B86B3BB0005A657 /* Call.cpp */; };
		010355221B9DD90100D2B01D /* ColorController.cpp in Sources */ = {isa = PBXBuildFile; fileRef = 0111B98E1B86B3BB0005A657 /* ColorController.cpp */; };
		010355231B9DD90100D2B01D /* Common.cpp in Sources */ = {isa = PBXBuildFile; fileRef = 0111B9901B86B3BB0005A657 /* Common.cpp */; };
		010355241B9DD90100D2B01D /* DmTraceControl.cpp in Sources */ = {isa = PBXBuildFile; fileRef = 014D1E8A1B99B9AF00193D46 /* DmTraceControl.cpp */; };
		010355251B9DD90100D2B01D /* DmTraceData.cpp in Sources */ = {isa = PBXBuildFile; fileRef = 014D1E8C1B99B9AF00193D46 /* DmTraceData.cpp */; };
		010355261B9DD90100D2B01D /* MethodData.cpp in Sources */ = {isa = PBXBuildFile; fileRef = 0111B9941B86B3BB0005A657 /* MethodData.cpp */; };
		010355271B9DD90100D2B01D /* ProfileData.cpp in Sources */ = {isa = PBXBuildFile; fileRef = 0111B9961B86B3BB0005A657 /* ProfileData.cpp */; };
		010355281B9DD90100D2B01D /* ProfileNode.cpp in Sources */ = {isa = PBXBuildFile; fileRef = 0111B9981B86B3BB0005A657 /* ProfileNode.cpp */; };
		010355291B9DD90100D2B01D /* ProfileSelf.cpp in Sources */ = {isa = PBXBuildFile; fileRef = 0111B99A1B86B3BB0005A657 /* ProfileSelf.cpp */; };
		0103552A1B9DD90100D2B01D /* ThreadData.cpp in Sources */ = {isa = PBXBuildFile; fileRef = 0111B99C1B86B3BB0005A657 /* ThreadData.cpp */; };
		0103552B1B9DD90100D2B01D /* TimeBase.cpp in Sources */ = {isa = PBXBuildFile; fileRef = 0111B99E1B86B3BB0005A657 /* TimeBase.cpp */; };
		0103552C1B9DD90100D2B01D /* TraceUnits.cpp in Sources */ = {isa = PBXBuildFile; fileRef = 0111B9A31B86B3BB0005A657 /* TraceUnits.cpp */; };
		0103552F1B9DD9F700D2B01D /* libAndroidTraceModel.a in Frameworks */ = {isa = PBXBuildFile; fileRef = 0103551D1B9DD8F000D2B01D /* libAndroidTraceModel.a */; };
		0103553A1B9DDA4900D2B01D /* AppDelegate.mm in Sources */ = {isa = PBXBuildFile; fileRef = 010355391B9DDA4900D2B01D /* AppDelegate.mm */; };
		0103553C1B9DDA4900D2B01D /* main.m in Sources */ = {isa = PBXBuildFile; fileRef = 0103553B1B9DDA4900D2B01D /* main.m */; };
		0103553F1B9DDA4900D2B01D /* Document.mm in Sources */ = {isa = PBXBuildFile; fileRef = 0103553E1B9DDA4900D2B01D /* Document.mm */; };
		010355421B9DDA4900D2B01D /* Document.xib in Resources */ = {isa = PBXBuildFile; fileRef = 010355401B9DDA4900D2B01D /* Document.xib */; };
		010355441B9DDA4900D2B01D /* Images.xcassets in Resources */ = {isa = PBXBuildFile; fileRef = 010355431B9DDA4900D2B01D /* Images.xcassets */; };
		010355471B9DDA4900D2B01D /* MainMenu.xib in Resources */ = {isa = PBXBuildFile; fileRef = 010355451B9DDA4900D2B01D /* MainMenu.xib */; };
		010355531B9DDA4900D2B01D /* DmTraceViewerTests.m in Sources */ = {isa = PBXBuildFile; fileRef = 010355521B9DDA4900D2B01D /* DmTraceViewerTests.m */; };
		0111B98B1B86B2EB0005A657 /* main.cpp in Sources */ = {isa = PBXBuildFile; fileRef = 0111B98A1B86B2EB0005A657 /* main.cpp */; };
		01200C041B9EB68A00166547 /* libAndroidTraceModel.a in Frameworks */ = {isa = PBXBuildFile; fileRef = 0103551D1B9DD8F000D2B01D /* libAndroidTraceModel.a */; };
		0158D3E91B9746A6003ADCFB /* CoreServices.framework in Frameworks */ = {isa = PBXBuildFile; fileRef = 0158D3E81B9746A6003ADCFB /* CoreServices.framework */; };
		01D706791BA00F6B0069B124 /* TimeLineView.m in Sources */ = {isa = PBXBuildFile; fileRef = 01D706781BA00F6B0069B124 /* TimeLineView.m */; };
/* End PBXBuildFile section */

/* Begin PBXContainerItemProxy section */
		0103552D1B9DD9F000D2B01D /* PBXContainerItemProxy */ = {
			isa = PBXContainerItemProxy;
			containerPortal = 01BA983D1B80C33500BA696A /* Project object */;
			proxyType = 1;
			remoteGlobalIDString = 0103551C1B9DD8F000D2B01D;
			remoteInfo = AndroidTraceModel;
		};
		0103554D1B9DDA4900D2B01D /* PBXContainerItemProxy */ = {
			isa = PBXContainerItemProxy;
			containerPortal = 01BA983D1B80C33500BA696A /* Project object */;
			proxyType = 1;
			remoteGlobalIDString = 010355331B9DDA4900D2B01D;
			remoteInfo = DmTraceViewer;
		};
		01200C021B9EB68400166547 /* PBXContainerItemProxy */ = {
			isa = PBXContainerItemProxy;
			containerPortal = 01BA983D1B80C33500BA696A /* Project object */;
			proxyType = 1;
			remoteGlobalIDString = 0103551C1B9DD8F000D2B01D;
			remoteInfo = AndroidTraceModel;
		};
/* End PBXContainerItemProxy section */

/* Begin PBXCopyFilesBuildPhase section */
		01BA98431B80C33500BA696A /* CopyFiles */ = {
			isa = PBXCopyFilesBuildPhase;
			buildActionMask = 2147483647;
			dstPath = /usr/share/man/man1/;
			dstSubfolderSpec = 0;
			files = (
			);
			runOnlyForDeploymentPostprocessing = 1;
		};
/* End PBXCopyFilesBuildPhase section */

/* Begin PBXFileReference section */
		0103551D1B9DD8F000D2B01D /* libAndroidTraceModel.a */ = {isa = PBXFileReference; explicitFileType = archive.ar; includeInIndex = 0; path = libAndroidTraceModel.a; sourceTree = BUILT_PRODUCTS_DIR; };
		010355341B9DDA4900D2B01D /* DmTraceViewer.app */ = {isa = PBXFileReference; explicitFileType = wrapper.application; includeInIndex = 0; path = DmTraceViewer.app; sourceTree = BUILT_PRODUCTS_DIR; };
		010355371B9DDA4900D2B01D /* Info.plist */ = {isa = PBXFileReference; lastKnownFileType = text.plist.xml; path = Info.plist; sourceTree = "<group>"; };
		010355381B9DDA4900D2B01D /* AppDelegate.h */ = {isa = PBXFileReference; lastKnownFileType = sourcecode.c.h; path = AppDelegate.h; sourceTree = "<group>"; };
		010355391B9DDA4900D2B01D /* AppDelegate.mm */ = {isa = PBXFileReference; lastKnownFileType = sourcecode.cpp.objcpp; path = AppDelegate.mm; sourceTree = "<group>"; };
		0103553B1B9DDA4900D2B01D /* main.m */ = {isa = PBXFileReference; lastKnownFileType = sourcecode.c.objc; path = main.m; sourceTree = "<group>"; };
		0103553D1B9DDA4900D2B01D /* Document.h */ = {isa = PBXFileReference; lastKnownFileType = sourcecode.c.h; path = Document.h; sourceTree = "<group>"; };
		0103553E1B9DDA4900D2B01D /* Document.mm */ = {isa = PBXFileReference; lastKnownFileType = sourcecode.cpp.objcpp; path = Document.mm; sourceTree = "<group>"; };
		010355411B9DDA4900D2B01D /* Base */ = {isa = PBXFileReference; lastKnownFileType = file.xib; name = Base; path = Base.lproj/Document.xib; sourceTree = "<group>"; };
		010355431B9DDA4900D2B01D /* Images.xcassets */ = {isa = PBXFileReference; lastKnownFileType = folder.assetcatalog; path = Images.xcassets; sourceTree = "<group>"; };
		010355461B9DDA4900D2B01D /* Base */ = {isa = PBXFileReference; lastKnownFileType = file.xib; name = Base; path = Base.lproj/MainMenu.xib; sourceTree = "<group>"; };
		0103554C1B9DDA4900D2B01D /* DmTraceViewerTests.xctest */ = {isa = PBXFileReference; explicitFileType = wrapper.cfbundle; includeInIndex = 0; path = DmTraceViewerTests.xctest; sourceTree = BUILT_PRODUCTS_DIR; };
		010355511B9DDA4900D2B01D /* Info.plist */ = {isa = PBXFileReference; lastKnownFileType = text.plist.xml; path = Info.plist; sourceTree = "<group>"; };
		010355521B9DDA4900D2B01D /* DmTraceViewerTests.m */ = {isa = PBXFileReference; lastKnownFileType = sourcecode.c.objc; path = DmTraceViewerTests.m; sourceTree = "<group>"; };
		0111B98A1B86B2EB0005A657 /* main.cpp */ = {isa = PBXFileReference; fileEncoding = 4; lastKnownFileType = sourcecode.cpp.cpp; lineEnding = 0; name = main.cpp; path = ../main.cpp; sourceTree = "<group>"; usesTabs = 0; };
		0111B98C1B86B3BB0005A657 /* Call.cpp */ = {isa = PBXFileReference; fileEncoding = 4; lastKnownFileType = sourcecode.cpp.cpp; lineEnding = 0; name = Call.cpp; path = ../src/Android/Call.cpp; sourceTree = "<group>"; usesTabs = 0; };
		0111B98D1B86B3BB0005A657 /* Call.hpp */ = {isa = PBXFileReference; fileEncoding = 4; lastKnownFileType = sourcecode.cpp.h; lineEnding = 0; name = Call.hpp; path = ../src/Android/Call.hpp; sourceTree = "<group>"; usesTabs = 0; };
		0111B98E1B86B3BB0005A657 /* ColorController.cpp */ = {isa = PBXFileReference; fileEncoding = 4; lastKnownFileType = sourcecode.cpp.cpp; lineEnding = 0; name = ColorController.cpp; path = ../src/Android/ColorController.cpp; sourceTree = "<group>"; usesTabs = 0; };
		0111B98F1B86B3BB0005A657 /* ColorController.hpp */ = {isa = PBXFileReference; fileEncoding = 4; lastKnownFileType = sourcecode.cpp.h; lineEnding = 0; name = ColorController.hpp; path = ../src/Android/ColorController.hpp; sourceTree = "<group>"; usesTabs = 0; };
		0111B9901B86B3BB0005A657 /* Common.cpp */ = {isa = PBXFileReference; fileEncoding = 4; lastKnownFileType = sourcecode.cpp.cpp; lineEnding = 0; name = Common.cpp; path = ../src/Android/Common.cpp; sourceTree = "<group>"; usesTabs = 0; };
		0111B9911B86B3BB0005A657 /* Common.hpp */ = {isa = PBXFileReference; fileEncoding = 4; lastKnownFileType = sourcecode.cpp.h; lineEnding = 0; name = Common.hpp; path = ../src/Android/Common.hpp; sourceTree = "<group>"; usesTabs = 0; };
		0111B9941B86B3BB0005A657 /* MethodData.cpp */ = {isa = PBXFileReference; fileEncoding = 4; lastKnownFileType = sourcecode.cpp.cpp; lineEnding = 0; name = MethodData.cpp; path = ../src/Android/MethodData.cpp; sourceTree = "<group>"; usesTabs = 0; };
		0111B9951B86B3BB0005A657 /* MethodData.hpp */ = {isa = PBXFileReference; fileEncoding = 4; lastKnownFileType = sourcecode.cpp.h; lineEnding = 0; name = MethodData.hpp; path = ../src/Android/MethodData.hpp; sourceTree = "<group>"; usesTabs = 0; };
		0111B9961B86B3BB0005A657 /* ProfileData.cpp */ = {isa = PBXFileReference; fileEncoding = 4; lastKnownFileType = sourcecode.cpp.cpp; lineEnding = 0; name = ProfileData.cpp; path = ../src/Android/ProfileData.cpp; sourceTree = "<group>"; usesTabs = 0; };
		0111B9971B86B3BB0005A657 /* ProfileData.hpp */ = {isa = PBXFileReference; fileEncoding = 4; lastKnownFileType = sourcecode.cpp.h; lineEnding = 0; name = ProfileData.hpp; path = ../src/Android/ProfileData.hpp; sourceTree = "<group>"; usesTabs = 0; };
		0111B9981B86B3BB0005A657 /* ProfileNode.cpp */ = {isa = PBXFileReference; fileEncoding = 4; lastKnownFileType = sourcecode.cpp.cpp; lineEnding = 0; name = ProfileNode.cpp; path = ../src/Android/ProfileNode.cpp; sourceTree = "<group>"; usesTabs = 0; };
		0111B9991B86B3BB0005A657 /* ProfileNode.hpp */ = {isa = PBXFileReference; fileEncoding = 4; lastKnownFileType = sourcecode.cpp.h; lineEnding = 0; name = ProfileNode.hpp; path = ../src/Android/ProfileNode.hpp; sourceTree = "<group>"; usesTabs = 0; };
		0111B99A1B86B3BB0005A657 /* ProfileSelf.cpp */ = {isa = PBXFileReference; fileEncoding = 4; lastKnownFileType = sourcecode.cpp.cpp; lineEnding = 0; name = ProfileSelf.cpp; path = ../src/Android/ProfileSelf.cpp; sourceTree = "<group>"; usesTabs = 0; };
		0111B99B1B86B3BB0005A657 /* ProfileSelf.hpp */ = {isa = PBXFileReference; fileEncoding = 4; lastKnownFileType = sourcecode.cpp.h; lineEnding = 0; name = ProfileSelf.hpp; path = ../src/Android/ProfileSelf.hpp; sourceTree = "<group>"; usesTabs = 0; };
		0111B99C1B86B3BB0005A657 /* ThreadData.cpp */ = {isa = PBXFileReference; fileEncoding = 4; lastKnownFileType = sourcecode.cpp.cpp; lineEnding = 0; name = ThreadData.cpp; path = ../src/Android/ThreadData.cpp; sourceTree = "<group>"; usesTabs = 0; };
		0111B99D1B86B3BB0005A657 /* ThreadData.hpp */ = {isa = PBXFileReference; fileEncoding = 4; lastKnownFileType = sourcecode.cpp.h; lineEnding = 0; name = ThreadData.hpp; path = ../src/Android/ThreadData.hpp; sourceTree = "<group>"; usesTabs = 0; };
		0111B99E1B86B3BB0005A657 /* TimeBase.cpp */ = {isa = PBXFileReference; fileEncoding = 4; lastKnownFileType = sourcecode.cpp.cpp; lineEnding = 0; name = TimeBase.cpp; path = ../src/Android/TimeBase.cpp; sourceTree = "<group>"; usesTabs = 0; };
		0111B99F1B86B3BB0005A657 /* TimeBase.hpp */ = {isa = PBXFileReference; fileEncoding = 4; lastKnownFileType = sourcecode.cpp.h; lineEnding = 0; name = TimeBase.hpp; path = ../src/Android/TimeBase.hpp; sourceTree = "<group>"; usesTabs = 0; };
		0111B9A21B86B3BB0005A657 /* TraceAction.hpp */ = {isa = PBXFileReference; fileEncoding = 4; lastKnownFileType = sourcecode.cpp.h; lineEnding = 0; name = TraceAction.hpp; path = ../src/Android/TraceAction.hpp; sourceTree = "<group>"; usesTabs = 0; };
		0111B9A31B86B3BB0005A657 /* TraceUnits.cpp */ = {isa = PBXFileReference; fileEncoding = 4; lastKnownFileType = sourcecode.cpp.cpp; lineEnding = 0; name = TraceUnits.cpp; path = ../src/Android/TraceUnits.cpp; sourceTree = "<group>"; usesTabs = 0; };
		0111B9A41B86B3BB0005A657 /* TraceUnits.hpp */ = {isa = PBXFileReference; fileEncoding = 4; lastKnownFileType = sourcecode.cpp.h; lineEnding = 0; name = TraceUnits.hpp; path = ../src/Android/TraceUnits.hpp; sourceTree = "<group>"; usesTabs = 0; };
		014D1E8A1B99B9AF00193D46 /* DmTraceControl.cpp */ = {isa = PBXFileReference; fileEncoding = 4; lastKnownFileType = sourcecode.cpp.cpp; name = DmTraceControl.cpp; path = ../src/Android/DmTraceControl.cpp; sourceTree = "<group>"; };
		014D1E8B1B99B9AF00193D46 /* DmTraceControl.hpp */ = {isa = PBXFileReference; fileEncoding = 4; lastKnownFileType = sourcecode.cpp.h; name = DmTraceControl.hpp; path = ../src/Android/DmTraceControl.hpp; sourceTree = "<group>"; };
		014D1E8C1B99B9AF00193D46 /* DmTraceData.cpp */ = {isa = PBXFileReference; fileEncoding = 4; lastKnownFileType = sourcecode.cpp.cpp; name = DmTraceData.cpp; path = ../src/Android/DmTraceData.cpp; sourceTree = "<group>"; };
		014D1E8D1B99B9AF00193D46 /* DmTraceData.hpp */ = {isa = PBXFileReference; fileEncoding = 4; lastKnownFileType = sourcecode.cpp.h; name = DmTraceData.hpp; path = ../src/Android/DmTraceData.hpp; sourceTree = "<group>"; };
		0158D3E81B9746A6003ADCFB /* CoreServices.framework */ = {isa = PBXFileReference; lastKnownFileType = wrapper.framework; name = CoreServices.framework; path = System/Library/Frameworks/CoreServices.framework; sourceTree = SDKROOT; };
		01BA98451B80C33500BA696A /* AndroidTrace */ = {isa = PBXFileReference; explicitFileType = "compiled.mach-o.executable"; includeInIndex = 0; path = AndroidTrace; sourceTree = BUILT_PRODUCTS_DIR; };
		01D706771BA00F6B0069B124 /* TimeLineView.h */ = {isa = PBXFileReference; fileEncoding = 4; lastKnownFileType = sourcecode.c.h; path = TimeLineView.h; sourceTree = "<group>"; };
		01D706781BA00F6B0069B124 /* TimeLineView.m */ = {isa = PBXFileReference; fileEncoding = 4; lastKnownFileType = sourcecode.c.objc; path = TimeLineView.m; sourceTree = "<group>"; };
/* End PBXFileReference section */

/* Begin PBXFrameworksBuildPhase section */
		0103551A1B9DD8F000D2B01D /* Frameworks */ = {
			isa = PBXFrameworksBuildPhase;
			buildActionMask = 2147483647;
			files = (
			);
			runOnlyForDeploymentPostprocessing = 0;
		};
		010355311B9DDA4900D2B01D /* Frameworks */ = {
			isa = PBXFrameworksBuildPhase;
			buildActionMask = 2147483647;
			files = (
				01200C041B9EB68A00166547 /* libAndroidTraceModel.a in Frameworks */,
			);
			runOnlyForDeploymentPostprocessing = 0;
		};
		010355491B9DDA4900D2B01D /* Frameworks */ = {
			isa = PBXFrameworksBuildPhase;
			buildActionMask = 2147483647;
			files = (
			);
			runOnlyForDeploymentPostprocessing = 0;
		};
		01BA98421B80C33500BA696A /* Frameworks */ = {
			isa = PBXFrameworksBuildPhase;
			buildActionMask = 2147483647;
			files = (
				0103552F1B9DD9F700D2B01D /* libAndroidTraceModel.a in Frameworks */,
				0158D3E91B9746A6003ADCFB /* CoreServices.framework in Frameworks */,
			);
			runOnlyForDeploymentPostprocessing = 0;
		};
/* End PBXFrameworksBuildPhase section */

/* Begin PBXGroup section */
		010355351B9DDA4900D2B01D /* DmTraceViewer */ = {
			isa = PBXGroup;
			children = (
				010355381B9DDA4900D2B01D /* AppDelegate.h */,
				010355391B9DDA4900D2B01D /* AppDelegate.mm */,
				0103553D1B9DDA4900D2B01D /* Document.h */,
				0103553E1B9DDA4900D2B01D /* Document.mm */,
				010355401B9DDA4900D2B01D /* Document.xib */,
				010355431B9DDA4900D2B01D /* Images.xcassets */,
				010355451B9DDA4900D2B01D /* MainMenu.xib */,
				010355361B9DDA4900D2B01D /* Supporting Files */,
				01D706771BA00F6B0069B124 /* TimeLineView.h */,
				01D706781BA00F6B0069B124 /* TimeLineView.m */,
			);
			path = DmTraceViewer;
			sourceTree = "<group>";
		};
		010355361B9DDA4900D2B01D /* Supporting Files */ = {
			isa = PBXGroup;
			children = (
				010355371B9DDA4900D2B01D /* Info.plist */,
				0103553B1B9DDA4900D2B01D /* main.m */,
			);
			name = "Supporting Files";
			sourceTree = "<group>";
		};
		0103554F1B9DDA4900D2B01D /* DmTraceViewerTests */ = {
			isa = PBXGroup;
			children = (
				010355521B9DDA4900D2B01D /* DmTraceViewerTests.m */,
				010355501B9DDA4900D2B01D /* Supporting Files */,
			);
			path = DmTraceViewerTests;
			sourceTree = "<group>";
		};
		010355501B9DDA4900D2B01D /* Supporting Files */ = {
			isa = PBXGroup;
			children = (
				010355511B9DDA4900D2B01D /* Info.plist */,
			);
			name = "Supporting Files";
			sourceTree = "<group>";
		};
		01200C051B9EB7E800166547 /* TraceModel */ = {
			isa = PBXGroup;
			children = (
				0111B98C1B86B3BB0005A657 /* Call.cpp */,
				0111B98D1B86B3BB0005A657 /* Call.hpp */,
				0111B98E1B86B3BB0005A657 /* ColorController.cpp */,
				0111B98F1B86B3BB0005A657 /* ColorController.hpp */,
				0111B9901B86B3BB0005A657 /* Common.cpp */,
				0111B9911B86B3BB0005A657 /* Common.hpp */,
				014D1E8A1B99B9AF00193D46 /* DmTraceControl.cpp */,
				014D1E8B1B99B9AF00193D46 /* DmTraceControl.hpp */,
				014D1E8C1B99B9AF00193D46 /* DmTraceData.cpp */,
				014D1E8D1B99B9AF00193D46 /* DmTraceData.hpp */,
				0111B9941B86B3BB0005A657 /* MethodData.cpp */,
				0111B9951B86B3BB0005A657 /* MethodData.hpp */,
				0111B9961B86B3BB0005A657 /* ProfileData.cpp */,
				0111B9971B86B3BB0005A657 /* ProfileData.hpp */,
				0111B9981B86B3BB0005A657 /* ProfileNode.cpp */,
				0111B9991B86B3BB0005A657 /* ProfileNode.hpp */,
				0111B99A1B86B3BB0005A657 /* ProfileSelf.cpp */,
				0111B99B1B86B3BB0005A657 /* ProfileSelf.hpp */,
				0111B99C1B86B3BB0005A657 /* ThreadData.cpp */,
				0111B99D1B86B3BB0005A657 /* ThreadData.hpp */,
				0111B99E1B86B3BB0005A657 /* TimeBase.cpp */,
				0111B99F1B86B3BB0005A657 /* TimeBase.hpp */,
				0111B9A21B86B3BB0005A657 /* TraceAction.hpp */,
				0111B9A31B86B3BB0005A657 /* TraceUnits.cpp */,
				0111B9A41B86B3BB0005A657 /* TraceUnits.hpp */,
			);
			name = TraceModel;
			sourceTree = "<group>";
		};
		01BA983C1B80C33500BA696A = {
			isa = PBXGroup;
			children = (
				0158D3E81B9746A6003ADCFB /* CoreServices.framework */,
				01BA98471B80C33500BA696A /* AndroidTrace */,
				01200C051B9EB7E800166547 /* TraceModel */,
				010355351B9DDA4900D2B01D /* DmTraceViewer */,
				0103554F1B9DDA4900D2B01D /* DmTraceViewerTests */,
				01BA98461B80C33500BA696A /* Products */,
			);
			sourceTree = "<group>";
		};
		01BA98461B80C33500BA696A /* Products */ = {
			isa = PBXGroup;
			children = (
				01BA98451B80C33500BA696A /* AndroidTrace */,
				0103551D1B9DD8F000D2B01D /* libAndroidTraceModel.a */,
				010355341B9DDA4900D2B01D /* DmTraceViewer.app */,
				0103554C1B9DDA4900D2B01D /* DmTraceViewerTests.xctest */,
			);
			name = Products;
			sourceTree = "<group>";
		};
		01BA98471B80C33500BA696A /* AndroidTrace */ = {
			isa = PBXGroup;
			children = (
				0111B98A1B86B2EB0005A657 /* main.cpp */,
			);
			name = AndroidTrace;
			path = ../src/Android;
			sourceTree = SOURCE_ROOT;
		};
/* End PBXGroup section */

/* Begin PBXHeadersBuildPhase section */
		0103551B1B9DD8F000D2B01D /* Headers */ = {
			isa = PBXHeadersBuildPhase;
			buildActionMask = 2147483647;
			files = (
			);
			runOnlyForDeploymentPostprocessing = 0;
		};
/* End PBXHeadersBuildPhase section */

/* Begin PBXNativeTarget section */
		0103551C1B9DD8F000D2B01D /* AndroidTraceModel */ = {
			isa = PBXNativeTarget;
			buildConfigurationList = 0103551E1B9DD8F000D2B01D /* Build configuration list for PBXNativeTarget "AndroidTraceModel" */;
			buildPhases = (
				010355191B9DD8F000D2B01D /* Sources */,
				0103551A1B9DD8F000D2B01D /* Frameworks */,
				0103551B1B9DD8F000D2B01D /* Headers */,
			);
			buildRules = (
			);
			dependencies = (
			);
			name = AndroidTraceModel;
			productName = AndroidTraceModel;
			productReference = 0103551D1B9DD8F000D2B01D /* libAndroidTraceModel.a */;
			productType = "com.apple.product-type.library.static";
		};
		010355331B9DDA4900D2B01D /* DmTraceViewer */ = {
			isa = PBXNativeTarget;
			buildConfigurationList = 010355541B9DDA4900D2B01D /* Build configuration list for PBXNativeTarget "DmTraceViewer" */;
			buildPhases = (
				010355301B9DDA4900D2B01D /* Sources */,
				010355311B9DDA4900D2B01D /* Frameworks */,
				010355321B9DDA4900D2B01D /* Resources */,
			);
			buildRules = (
			);
			dependencies = (
				01200C031B9EB68400166547 /* PBXTargetDependency */,
			);
			name = DmTraceViewer;
			productName = DmTraceViewer;
			productReference = 010355341B9DDA4900D2B01D /* DmTraceViewer.app */;
			productType = "com.apple.product-type.application";
		};
		0103554B1B9DDA4900D2B01D /* DmTraceViewerTests */ = {
			isa = PBXNativeTarget;
			buildConfigurationList = 010355571B9DDA4900D2B01D /* Build configuration list for PBXNativeTarget "DmTraceViewerTests" */;
			buildPhases = (
				010355481B9DDA4900D2B01D /* Sources */,
				010355491B9DDA4900D2B01D /* Frameworks */,
				0103554A1B9DDA4900D2B01D /* Resources */,
			);
			buildRules = (
			);
			dependencies = (
				0103554E1B9DDA4900D2B01D /* PBXTargetDependency */,
			);
			name = DmTraceViewerTests;
			productName = DmTraceViewerTests;
			productReference = 0103554C1B9DDA4900D2B01D /* DmTraceViewerTests.xctest */;
			productType = "com.apple.product-type.bundle.unit-test";
		};
		01BA98441B80C33500BA696A /* AndroidTrace */ = {
			isa = PBXNativeTarget;
			buildConfigurationList = 01BA984C1B80C33500BA696A /* Build configuration list for PBXNativeTarget "AndroidTrace" */;
			buildPhases = (
				01BA98411B80C33500BA696A /* Sources */,
				01BA98421B80C33500BA696A /* Frameworks */,
				01BA98431B80C33500BA696A /* CopyFiles */,
			);
			buildRules = (
			);
			dependencies = (
				0103552E1B9DD9F000D2B01D /* PBXTargetDependency */,
			);
			name = AndroidTrace;
			productName = AndroidTrace;
			productReference = 01BA98451B80C33500BA696A /* AndroidTrace */;
			productType = "com.apple.product-type.tool";
		};
/* End PBXNativeTarget section */

/* Begin PBXProject section */
		01BA983D1B80C33500BA696A /* Project object */ = {
			isa = PBXProject;
			attributes = {
				LastUpgradeCheck = 0640;
				ORGANIZATIONNAME = "Frank Zhang";
				TargetAttributes = {
					0103551C1B9DD8F000D2B01D = {
						CreatedOnToolsVersion = 6.4;
					};
					010355331B9DDA4900D2B01D = {
						CreatedOnToolsVersion = 6.4;
					};
					0103554B1B9DDA4900D2B01D = {
						CreatedOnToolsVersion = 6.4;
						TestTargetID = 010355331B9DDA4900D2B01D;
					};
					01BA98441B80C33500BA696A = {
						CreatedOnToolsVersion = 6.4;
					};
				};
			};
			buildConfigurationList = 01BA98401B80C33500BA696A /* Build configuration list for PBXProject "AndroidTrace" */;
			compatibilityVersion = "Xcode 3.2";
			developmentRegion = English;
			hasScannedForEncodings = 0;
			knownRegions = (
				en,
				Base,
			);
			mainGroup = 01BA983C1B80C33500BA696A;
			productRefGroup = 01BA98461B80C33500BA696A /* Products */;
			projectDirPath = "";
			projectRoot = "";
			targets = (
				01BA98441B80C33500BA696A /* AndroidTrace */,
				0103551C1B9DD8F000D2B01D /* AndroidTraceModel */,
				010355331B9DDA4900D2B01D /* DmTraceViewer */,
				0103554B1B9DDA4900D2B01D /* DmTraceViewerTests */,
			);
		};
/* End PBXProject section */

/* Begin PBXResourcesBuildPhase section */
		010355321B9DDA4900D2B01D /* Resources */ = {
			isa = PBXResourcesBuildPhase;
			buildActionMask = 2147483647;
			files = (
				010355421B9DDA4900D2B01D /* Document.xib in Resources */,
				010355441B9DDA4900D2B01D /* Images.xcassets in Resources */,
				010355471B9DDA4900D2B01D /* MainMenu.xib in Resources */,
			);
			runOnlyForDeploymentPostprocessing = 0;
		};
		0103554A1B9DDA4900D2B01D /* Resources */ = {
			isa = PBXResourcesBuildPhase;
			buildActionMask = 2147483647;
			files = (
			);
			runOnlyForDeploymentPostprocessing = 0;
		};
/* End PBXResourcesBuildPhase section */

/* Begin PBXSourcesBuildPhase section */
		010355191B9DD8F000D2B01D /* Sources */ = {
			isa = PBXSourcesBuildPhase;
			buildActionMask = 2147483647;
			files = (
				010355241B9DD90100D2B01D /* DmTraceControl.cpp in Sources */,
				0103552A1B9DD90100D2B01D /* ThreadData.cpp in Sources */,
				010355211B9DD90100D2B01D /* Call.cpp in Sources */,
				010355261B9DD90100D2B01D /* MethodData.cpp in Sources */,
				0103552B1B9DD90100D2B01D /* TimeBase.cpp in Sources */,
				010355271B9DD90100D2B01D /* ProfileData.cpp in Sources */,
				010355221B9DD90100D2B01D /* ColorController.cpp in Sources */,
				010355231B9DD90100D2B01D /* Common.cpp in Sources */,
				010355251B9DD90100D2B01D /* DmTraceData.cpp in Sources */,
				0103552C1B9DD90100D2B01D /* TraceUnits.cpp in Sources */,
				010355291B9DD90100D2B01D /* ProfileSelf.cpp in Sources */,
				010355281B9DD90100D2B01D /* ProfileNode.cpp in Sources */,
			);
			runOnlyForDeploymentPostprocessing = 0;
		};
		010355301B9DDA4900D2B01D /* Sources */ = {
			isa = PBXSourcesBuildPhase;
			buildActionMask = 2147483647;
			files = (
				0103553F1B9DDA4900D2B01D /* Document.mm in Sources */,
				0103553C1B9DDA4900D2B01D /* main.m in Sources */,
				0103553A1B9DDA4900D2B01D /* AppDelegate.mm in Sources */,
				01D706791BA00F6B0069B124 /* TimeLineView.m in Sources */,
			);
			runOnlyForDeploymentPostprocessing = 0;
		};
		010355481B9DDA4900D2B01D /* Sources */ = {
			isa = PBXSourcesBuildPhase;
			buildActionMask = 2147483647;
			files = (
				010355531B9DDA4900D2B01D /* DmTraceViewerTests.m in Sources */,
			);
			runOnlyForDeploymentPostprocessing = 0;
		};
		01BA98411B80C33500BA696A /* Sources */ = {
			isa = PBXSourcesBuildPhase;
			buildActionMask = 2147483647;
			files = (
				0111B98B1B86B2EB0005A657 /* main.cpp in Sources */,
			);
			runOnlyForDeploymentPostprocessing = 0;
		};
/* End PBXSourcesBuildPhase section */

/* Begin PBXTargetDependency section */
		0103552E1B9DD9F000D2B01D /* PBXTargetDependency */ = {
			isa = PBXTargetDependency;
			target = 0103551C1B9DD8F000D2B01D /* AndroidTraceModel */;
			targetProxy = 0103552D1B9DD9F000D2B01D /* PBXContainerItemProxy */;
		};
		0103554E1B9DDA4900D2B01D /* PBXTargetDependency */ = {
			isa = PBXTargetDependency;
			target = 010355331B9DDA4900D2B01D /* DmTraceViewer */;
			targetProxy = 0103554D1B9DDA4900D2B01D /* PBXContainerItemProxy */;
		};
		01200C031B9EB68400166547 /* PBXTargetDependency */ = {
			isa = PBXTargetDependency;
			target = 0103551C1B9DD8F000D2B01D /* AndroidTraceModel */;
			targetProxy = 01200C021B9EB68400166547 /* PBXContainerItemProxy */;
		};
/* End PBXTargetDependency section */

/* Begin PBXVariantGroup section */
		010355401B9DDA4900D2B01D /* Document.xib */ = {
			isa = PBXVariantGroup;
			children = (
				010355411B9DDA4900D2B01D /* Base */,
			);
			name = Document.xib;
			sourceTree = "<group>";
		};
		010355451B9DDA4900D2B01D /* MainMenu.xib */ = {
			isa = PBXVariantGroup;
			children = (
				010355461B9DDA4900D2B01D /* Base */,
			);
			name = MainMenu.xib;
			sourceTree = "<group>";
		};
/* End PBXVariantGroup section */

/* Begin XCBuildConfiguration section */
		0103551F1B9DD8F000D2B01D /* Debug */ = {
			isa = XCBuildConfiguration;
			buildSettings = {
				EXECUTABLE_PREFIX = lib;
				GCC_PREPROCESSOR_DEFINITIONS = (
					"DEBUG=1",
					"$(inherited)",
				);
				PRODUCT_NAME = "$(TARGET_NAME)";
			};
			name = Debug;
		};
		010355201B9DD8F000D2B01D /* Release */ = {
			isa = XCBuildConfiguration;
			buildSettings = {
				EXECUTABLE_PREFIX = lib;
				PRODUCT_NAME = "$(TARGET_NAME)";
			};
			name = Release;
		};
		010355551B9DDA4900D2B01D /* Debug */ = {
			isa = XCBuildConfiguration;
			buildSettings = {
				ASSETCATALOG_COMPILER_APPICON_NAME = AppIcon;
				CODE_SIGN_IDENTITY = "-";
				COMBINE_HIDPI_IMAGES = YES;
				GCC_PREPROCESSOR_DEFINITIONS = (
					"DEBUG=1",
					"$(inherited)",
				);
				HEADER_SEARCH_PATHS = (
					"$(inherited)",
					/Applications/Xcode.app/Contents/Developer/Toolchains/XcodeDefault.xctoolchain/usr/include,
					../src,
				);
				INFOPLIST_FILE = DmTraceViewer/Info.plist;
				LD_RUNPATH_SEARCH_PATHS = "$(inherited) @executable_path/../Frameworks";
				PRODUCT_NAME = "$(TARGET_NAME)";
			};
			name = Debug;
		};
		010355561B9DDA4900D2B01D /* Release */ = {
			isa = XCBuildConfiguration;
			buildSettings = {
				ASSETCATALOG_COMPILER_APPICON_NAME = AppIcon;
				CODE_SIGN_IDENTITY = "-";
				COMBINE_HIDPI_IMAGES = YES;
				HEADER_SEARCH_PATHS = (
					"$(inherited)",
					/Applications/Xcode.app/Contents/Developer/Toolchains/XcodeDefault.xctoolchain/usr/include,
					../src,
				);
				INFOPLIST_FILE = DmTraceViewer/Info.plist;
				LD_RUNPATH_SEARCH_PATHS = "$(inherited) @executable_path/../Frameworks";
				PRODUCT_NAME = "$(TARGET_NAME)";
			};
			name = Release;
		};
		010355581B9DDA4900D2B01D /* Debug */ = {
			isa = XCBuildConfiguration;
			buildSettings = {
				BUNDLE_LOADER = "$(TEST_HOST)";
				COMBINE_HIDPI_IMAGES = YES;
				FRAMEWORK_SEARCH_PATHS = (
					"$(DEVELOPER_FRAMEWORKS_DIR)",
					"$(inherited)",
				);
				GCC_PREPROCESSOR_DEFINITIONS = (
					"DEBUG=1",
					"$(inherited)",
				);
				INFOPLIST_FILE = DmTraceViewerTests/Info.plist;
				LD_RUNPATH_SEARCH_PATHS = "$(inherited) @executable_path/../Frameworks @loader_path/../Frameworks";
				PRODUCT_NAME = "$(TARGET_NAME)";
				TEST_HOST = "$(BUILT_PRODUCTS_DIR)/DmTraceViewer.app/Contents/MacOS/DmTraceViewer";
			};
			name = Debug;
		};
		010355591B9DDA4900D2B01D /* Release */ = {
			isa = XCBuildConfiguration;
			buildSettings = {
				BUNDLE_LOADER = "$(TEST_HOST)";
				COMBINE_HIDPI_IMAGES = YES;
				FRAMEWORK_SEARCH_PATHS = (
					"$(DEVELOPER_FRAMEWORKS_DIR)",
					"$(inherited)",
				);
				INFOPLIST_FILE = DmTraceViewerTests/Info.plist;
				LD_RUNPATH_SEARCH_PATHS = "$(inherited) @executable_path/../Frameworks @loader_path/../Frameworks";
				PRODUCT_NAME = "$(TARGET_NAME)";
				TEST_HOST = "$(BUILT_PRODUCTS_DIR)/DmTraceViewer.app/Contents/MacOS/DmTraceViewer";
			};
			name = Release;
		};
		01BA984A1B80C33500BA696A /* Debug */ = {
			isa = XCBuildConfiguration;
			buildSettings = {
				ALWAYS_SEARCH_USER_PATHS = NO;
				CLANG_CXX_LANGUAGE_STANDARD = "gnu++0x";
				CLANG_CXX_LIBRARY = "libc++";
				CLANG_ENABLE_MODULES = YES;
				CLANG_ENABLE_OBJC_ARC = YES;
				CLANG_WARN_BOOL_CONVERSION = YES;
				CLANG_WARN_CONSTANT_CONVERSION = YES;
				CLANG_WARN_DIRECT_OBJC_ISA_USAGE = YES_ERROR;
				CLANG_WARN_EMPTY_BODY = YES;
				CLANG_WARN_ENUM_CONVERSION = YES;
				CLANG_WARN_INT_CONVERSION = YES;
				CLANG_WARN_OBJC_ROOT_CLASS = YES_ERROR;
				CLANG_WARN_UNREACHABLE_CODE = YES;
				CLANG_WARN__DUPLICATE_METHOD_MATCH = YES;
				COPY_PHASE_STRIP = NO;
				DEBUG_INFORMATION_FORMAT = dwarf;
				ENABLE_STRICT_OBJC_MSGSEND = YES;
				GCC_C_LANGUAGE_STANDARD = gnu99;
				GCC_DYNAMIC_NO_PIC = NO;
				GCC_NO_COMMON_BLOCKS = YES;
				GCC_OPTIMIZATION_LEVEL = 0;
				GCC_PREPROCESSOR_DEFINITIONS = (
					"DEBUG=1",
					"$(inherited)",
				);
				GCC_SYMBOLS_PRIVATE_EXTERN = NO;
				GCC_WARN_64_TO_32_BIT_CONVERSION = YES;
				GCC_WARN_ABOUT_RETURN_TYPE = YES_ERROR;
				GCC_WARN_UNDECLARED_SELECTOR = YES;
				GCC_WARN_UNINITIALIZED_AUTOS = YES_AGGRESSIVE;
				GCC_WARN_UNUSED_FUNCTION = YES;
				GCC_WARN_UNUSED_VARIABLE = YES;
				HEADER_SEARCH_PATHS = (
					"$(inherited)",
					/Applications/Xcode.app/Contents/Developer/Toolchains/XcodeDefault.xctoolchain/usr/include,
					/Users/frank/Source/Workspace/AndroidTrace/src,
				);
				MACOSX_DEPLOYMENT_TARGET = 10.10;
				MTL_ENABLE_DEBUG_INFO = YES;
				ONLY_ACTIVE_ARCH = YES;
				SDKROOT = macosx;
			};
			name = Debug;
		};
		01BA984B1B80C33500BA696A /* Release */ = {
			isa = XCBuildConfiguration;
			buildSettings = {
				ALWAYS_SEARCH_USER_PATHS = NO;
				CLANG_CXX_LANGUAGE_STANDARD = "gnu++0x";
				CLANG_CXX_LIBRARY = "libc++";
				CLANG_ENABLE_MODULES = YES;
				CLANG_ENABLE_OBJC_ARC = YES;
				CLANG_WARN_BOOL_CONVERSION = YES;
				CLANG_WARN_CONSTANT_CONVERSION = YES;
				CLANG_WARN_DIRECT_OBJC_ISA_USAGE = YES_ERROR;
				CLANG_WARN_EMPTY_BODY = YES;
				CLANG_WARN_ENUM_CONVERSION = YES;
				CLANG_WARN_INT_CONVERSION = YES;
				CLANG_WARN_OBJC_ROOT_CLASS = YES_ERROR;
				CLANG_WARN_UNREACHABLE_CODE = YES;
				CLANG_WARN__DUPLICATE_METHOD_MATCH = YES;
				COPY_PHASE_STRIP = NO;
				DEBUG_INFORMATION_FORMAT = "dwarf-with-dsym";
				ENABLE_NS_ASSERTIONS = NO;
				ENABLE_STRICT_OBJC_MSGSEND = YES;
				GCC_C_LANGUAGE_STANDARD = gnu99;
				GCC_NO_COMMON_BLOCKS = YES;
				GCC_WARN_64_TO_32_BIT_CONVERSION = YES;
				GCC_WARN_ABOUT_RETURN_TYPE = YES_ERROR;
				GCC_WARN_UNDECLARED_SELECTOR = YES;
				GCC_WARN_UNINITIALIZED_AUTOS = YES_AGGRESSIVE;
				GCC_WARN_UNUSED_FUNCTION = YES;
				GCC_WARN_UNUSED_VARIABLE = YES;
				HEADER_SEARCH_PATHS = (
					"$(inherited)",
					/Applications/Xcode.app/Contents/Developer/Toolchains/XcodeDefault.xctoolchain/usr/include,
					/Users/frank/Source/Workspace/AndroidTrace/src,
				);
				MACOSX_DEPLOYMENT_TARGET = 10.10;
				MTL_ENABLE_DEBUG_INFO = NO;
				SDKROOT = macosx;
			};
			name = Release;
		};
		01BA984D1B80C33500BA696A /* Debug */ = {
			isa = XCBuildConfiguration;
			buildSettings = {
				HEADER_SEARCH_PATHS = (
					"$(inherited)",
					/Applications/Xcode.app/Contents/Developer/Toolchains/XcodeDefault.xctoolchain/usr/include,
					../src,
				);
				PRELINK_LIBS = "";
				PRODUCT_NAME = "$(TARGET_NAME)";
			};
			name = Debug;
		};
		01BA984E1B80C33500BA696A /* Release */ = {
			isa = XCBuildConfiguration;
			buildSettings = {
				HEADER_SEARCH_PATHS = (
					"$(inherited)",
					/Applications/Xcode.app/Contents/Developer/Toolchains/XcodeDefault.xctoolchain/usr/include,
					../src,
				);
				PRELINK_LIBS = "";
				PRODUCT_NAME = "$(TARGET_NAME)";
			};
			name = Release;
		};
/* End XCBuildConfiguration section */

/* Begin XCConfigurationList section */
		0103551E1B9DD8F000D2B01D /* Build configuration list for PBXNativeTarget "AndroidTraceModel" */ = {
			isa = XCConfigurationList;
			buildConfigurations = (
				0103551F1B9DD8F000D2B01D /* Debug */,
				010355201B9DD8F000D2B01D /* Release */,
			);
			defaultConfigurationIsVisible = 0;
			defaultConfigurationName = Release;
		};
		010355541B9DDA4900D2B01D /* Build configuration list for PBXNativeTarget "DmTraceViewer" */ = {
			isa = XCConfigurationList;
			buildConfigurations = (
				010355551B9DDA4900D2B01D /* Debug */,
				010355561B9DDA4900D2B01D /* Release */,
			);
			defaultConfigurationIsVisible = 0;
			defaultConfigurationName = Release;
		};
		010355571B9DDA4900D2B01D /* Build configuration list for PBXNativeTarget "DmTraceViewerTests" */ = {
			isa = XCConfigurationList;
			buildConfigurations = (
				010355581B9DDA4900D2B01D /* Debug */,
				010355591B9DDA4900D2B01D /* Release */,
			);
			defaultConfigurationIsVisible = 0;
			defaultConfigurationName = Release;
		};
		01BA98401B80C33500BA696A /* Build configuration list for PBXProject "AndroidTrace" */ = {
			isa = XCConfigurationList;
			buildConfigurations = (
				01BA984A1B80C33500BA696A /* Debug */,
				01BA984B1B80C33500BA696A /* Release */,
			);
			defaultConfigurationIsVisible = 0;
			defaultConfigurationName = Release;
		};
		01BA984C1B80C33500BA696A /* Build configuration list for PBXNativeTarget "AndroidTrace" */ = {
			isa = XCConfigurationList;
			buildConfigurations = (
				01BA984D1B80C33500BA696A /* Debug */,
				01BA984E1B80C33500BA696A /* Release */,
			);
			defaultConfigurationIsVisible = 0;
			defaultConfigurationName = Release;
		};
/* End XCConfigurationList section */
	};
	rootObject = 01BA983D1B80C33500BA696A /* Project object */;
}
